
Microsoft Visual Studio Solution File, Format Version 12.00
# Visual Studio Version 17
VisualStudioVersion = 17.6.33723.286
MinimumVisualStudioVersion = 10.0.40219.1
Project("{FAE04EC0-301F-11D3-BF4B-00C04F79EFBC}") = "Written_Test_1", "Written_Test_1\Written_Test_1.csproj", "{E1D70CA4-F5A7-41E4-B487-00458F4B582C}"
EndProject
Global
	GlobalSection(SolutionConfigurationPlatforms) = preSolution
		Debug|Any CPU = Debug|Any CPU
		Release|Any CPU = Release|Any CPU
	EndGlobalSection
	GlobalSection(ProjectConfigurationPlatforms) = postSolution
		{E1D70CA4-F5A7-41E4-B487-00458F4B582C}.Debug|Any CPU.ActiveCfg = Debug|Any CPU
		{E1D70CA4-F5A7-41E4-B487-00458F4B582C}.Debug|Any CPU.Build.0 = Debug|Any CPU
		{E1D70CA4-F5A7-41E4-B487-00458F4B582C}.Release|Any CPU.ActiveCfg = Release|Any CPU
		{E1D70CA4-F5A7-41E4-B487-00458F4B582C}.Release|Any CPU.Build.0 = Release|Any CPU
	EndGlobalSection
	GlobalSection(SolutionProperties) = preSolution
		HideSolutionNode = FALSE
	EndGlobalSection
	GlobalSection(ExtensibilityGlobals) = postSolution
		SolutionGuid = {3D2F37FE-A473-4BCD-ACF7-8A32F7A779DD}
	EndGlobalSection
EndGlobal
